{
  "requires": true,
  "lockfileVersion": 1,
  "dependencies": {
    "@types/body-parser": {
      "version": "1.19.5",
      "resolved": "https://registry.npmjs.org/@types/body-parser/-/body-parser-1.19.5.tgz",
      "integrity": "sha512-fB3Zu92ucau0iQ0JMCFQE7b/dv8Ot07NI3KaZIkIUNXq82k4eBAqUaneXfleGY9JWskeS9y+u0nXMyspcuQrCg==",
      "dev": true,
      "requires": {
        "@types/connect": "*",
        "@types/node": "*"
      }
    },
    "@types/caseless": {
      "version": "0.12.5",
      "resolved": "https://registry.npmjs.org/@types/caseless/-/caseless-0.12.5.tgz",
      "integrity": "sha512-hWtVTC2q7hc7xZ/RLbxapMvDMgUnDvKvMOpKal4DrMyfGBUfB1oKaZlIRr6mJL+If3bAP6sV/QneGzF6tJjZDg==",
      "dev": true
    },
    "@types/compression": {
      "version": "1.7.5",
      "resolved": "https://registry.npmjs.org/@types/compression/-/compression-1.7.5.tgz",
      "integrity": "sha512-AAQvK5pxMpaT+nDvhHrsBhLSYG5yQdtkaJE1WYieSNY2mVFKAgmU4ks65rkZD5oqnGCFLyQpUr1CqI4DmUMyDg==",
      "dev": true,
      "requires": {
        "@types/express": "*"
      }
    },
    "@types/connect": {
      "version": "3.4.38",
      "resolved": "https://registry.npmjs.org/@types/connect/-/connect-3.4.38.tgz",
      "integrity": "sha512-K6uROf1LD88uDQqJCktA4yzL1YYAK6NgfsI0v/mTgyPKWsX1CnJ0XPSDhViejru1GcRkLWb8RlzFYJRqGUbaug==",
      "dev": true,
      "requires": {
        "@types/node": "*"
      }
    },
    "@types/connect-flash": {
      "version": "0.0.40",
      "resolved": "https://registry.npmjs.org/@types/connect-flash/-/connect-flash-0.0.40.tgz",
      "integrity": "sha512-vqGDzZ85Kyu/tKdDwXP6JCz4i2Xp3o4bYHSCXbF7XiL1HohogtGXG5pgbgypVbdO3DYqCOHIiZhp2Gh5fP2dDw==",
      "dev": true,
      "requires": {
        "@types/express": "*"
      }
    },
    "@types/cookie": {
      "version": "0.6.0",
      "resolved": "https://registry.npmjs.org/@types/cookie/-/cookie-0.6.0.tgz",
      "integrity": "sha512-4Kh9a6B2bQciAhf7FSuMRRkUWecJgJu9nPnx3yzpsfXX/c50REIqpHY4C82bXP90qrLtXtkDxTZosYO3UpOwlA==",
      "dev": true
    },
    "@types/cookie-parser": {
      "version": "1.4.6",
      "resolved": "https://registry.npmjs.org/@types/cookie-parser/-/cookie-parser-1.4.6.tgz",
      "integrity": "sha512-KoooCrD56qlLskXPLGUiJxOMnv5l/8m7cQD2OxJ73NPMhuSz9PmvwRD6EpjDyKBVrdJDdQ4bQK7JFNHnNmax0w==",
      "dev": true,
      "requires": {
        "@types/express": "*"
      }
    },
    "@types/cors": {
      "version": "2.8.17",
      "resolved": "https://registry.npmjs.org/@types/cors/-/cors-2.8.17.tgz",
      "integrity": "sha512-8CGDvrBj1zgo2qE+oS3pOCyYNqCPryMWY2bGfwA0dcfopWGgxs+78df0Rs3rc9THP4JkOhLsAa+15VdpAqkcUA==",
      "dev": true,
      "requires": {
        "@types/node": "*"
      }
    },
    "@types/csurf": {
      "version": "1.11.5",
      "resolved": "https://registry.npmjs.org/@types/csurf/-/csurf-1.11.5.tgz",
      "integrity": "sha512-5rw87+5YGixyL2W8wblSUl5DSZi5YOlXE6Awwn2ofLvqKr/1LruKffrQipeJKUX44VaxKj8m5es3vfhltJTOoA==",
      "dev": true,
      "requires": {
        "@types/express-serve-static-core": "*"
      }
    },
    "@types/ejs": {
      "version": "3.1.5",
      "resolved": "https://registry.npmjs.org/@types/ejs/-/ejs-3.1.5.tgz",
      "integrity": "sha512-nv+GSx77ZtXiJzwKdsASqi+YQ5Z7vwHsTP0JY2SiQgjGckkBRKZnk8nIM+7oUZ1VCtuTz0+By4qVR7fqzp/Dfg==",
      "dev": true
    },
    "@types/express": {
      "version": "4.17.21",
      "resolved": "https://registry.npmjs.org/@types/express/-/express-4.17.21.tgz",
      "integrity": "sha512-ejlPM315qwLpaQlQDTjPdsUFSc6ZsP4AN6AlWnogPjQ7CVi7PYF3YVz+CY3jE2pwYf7E/7HlDAN0rV2GxTG0HQ==",
      "dev": true,
      "requires": {
        "@types/body-parser": "*",
        "@types/express-serve-static-core": "^4.17.33",
        "@types/qs": "*",
        "@types/serve-static": "*"
      }
    },
    "@types/express-ejs-layouts": {
      "version": "2.5.4",
      "resolved": "https://registry.npmjs.org/@types/express-ejs-layouts/-/express-ejs-layouts-2.5.4.tgz",
      "integrity": "sha512-d093IgtrNO3fD5Xm4+zh5F4E4sTxUsMbfYm7Vx40QdQ1qYTn4NIRCmatU8kqGRt09ojf3KKigtEehUeQUCE4fA==",
      "dev": true,
      "requires": {
        "@types/express": "*",
        "@types/node": "*"
      }
    },
    "@types/express-serve-static-core": {
      "version": "4.17.41",
      "resolved": "https://registry.npmjs.org/@types/express-serve-static-core/-/express-serve-static-core-4.17.41.tgz",
      "integrity": "sha512-OaJ7XLaelTgrvlZD8/aa0vvvxZdUmlCn6MtWeB7TkiKW70BQLc9XEPpDLPdbo52ZhXUCrznlWdCHWxJWtdyajA==",
      "dev": true,
      "requires": {
        "@types/node": "*",
        "@types/qs": "*",
        "@types/range-parser": "*",
        "@types/send": "*"
      }
    },
    "@types/express-session": {
      "version": "1.17.10",
      "resolved": "https://registry.npmjs.org/@types/express-session/-/express-session-1.17.10.tgz",
      "integrity": "sha512-U32bC/s0ejXijw5MAzyaV4tuZopCh/K7fPoUDyNbsRXHvPSeymygYD1RFL99YOLhF5PNOkzswvOTRaVHdL1zMw==",
      "dev": true,
      "requires": {
        "@types/express": "*"
      }
    },
    "@types/fluent-ffmpeg": {
      "version": "2.1.24",
      "resolved": "https://registry.npmjs.org/@types/fluent-ffmpeg/-/fluent-ffmpeg-2.1.24.tgz",
      "integrity": "sha512-g5oQO8Jgi2kFS3tTub7wLvfLztr1s8tdXmRd8PiL/hLMLzTIAyMR2sANkTggM/rdEDAg3d63nYRRVepwBiCw5A==",
      "dev": true,
      "requires": {
        "@types/node": "*"
      }
    },
    "@types/formidable": {
      "version": "3.4.5",
      "resolved": "https://registry.npmjs.org/@types/formidable/-/formidable-3.4.5.tgz",
      "integrity": "sha512-s7YPsNVfnsng5L8sKnG/Gbb2tiwwJTY1conOkJzTMRvJAlLFW1nEua+ADsJQu8N1c0oTHx9+d5nqg10WuT9gHQ==",
      "dev": true,
      "requires": {
        "@types/node": "*"
      }
    },
    "@types/get-size": {
      "version": "3.0.4",
      "resolved": "https://registry.npmjs.org/@types/get-size/-/get-size-3.0.4.tgz",
      "integrity": "sha512-ak91SEUASy+FOBYTlzB/DoLIApmVHgq+WZ9gWUIXvwlo92S6HEUOqErHxoiPo/noi3iFR2vJ5qcJ5icWcahT5Q==",
      "dev": true
    },
    "@types/helmet": {
      "version": "0.0.48",
      "resolved": "https://registry.npmjs.org/@types/helmet/-/helmet-0.0.48.tgz",
      "integrity": "sha512-C7MpnvSDrunS1q2Oy1VWCY7CDWHozqSnM8P4tFeRTuzwqni+PYOjEredwcqWG+kLpYcgLsgcY3orHB54gbx2Jw==",
      "dev": true,
      "requires": {
        "@types/express": "*"
      }
    },
    "@types/http-errors": {
      "version": "2.0.4",
      "resolved": "https://registry.npmjs.org/@types/http-errors/-/http-errors-2.0.4.tgz",
      "integrity": "sha512-D0CFMMtydbJAegzOyHjtiKPLlvnm3iTZyZRSZoLq2mRhDdmLfIWOCYPfQJ4cu2erKghU++QvjcUjp/5h7hESpA==",
      "dev": true
    },
    "@types/isotope-layout": {
      "version": "3.0.12",
      "resolved": "https://registry.npmjs.org/@types/isotope-layout/-/isotope-layout-3.0.12.tgz",
      "integrity": "sha512-EbJHaQ832lTY8nVbSZRtjatTBYG1EJW1dhaUsuRpwRs5Ls2GMm6A4Zny+CHGZaEe11SZxKSPh2fuL8Ds7MBiSQ==",
      "dev": true
    },
    "@types/jquery": {
      "version": "3.5.29",
      "resolved": "https://registry.npmjs.org/@types/jquery/-/jquery-3.5.29.tgz",
      "integrity": "sha512-oXQQC9X9MOPRrMhPHHOsXqeQDnWeCDT3PelUIg/Oy8FAbzSZtFHRjc7IpbfFVmpLtJ+UOoywpRsuO5Jxjybyeg==",
      "dev": true,
      "requires": {
        "@types/sizzle": "*"
      }
    },
    "@types/jsdom": {
      "version": "21.1.6",
      "resolved": "https://registry.npmjs.org/@types/jsdom/-/jsdom-21.1.6.tgz",
      "integrity": "sha512-/7kkMsC+/kMs7gAYmmBR9P0vGTnOoLhQhyhQJSlXGI5bzTHp6xdo0TtKWQAsz6pmSAeVqKSbqeyP6hytqr9FDw==",
      "dev": true,
      "requires": {
        "@types/node": "*",
        "@types/tough-cookie": "*",
        "parse5": "^7.0.0"
      }
    },
    "@types/jsonwebtoken": {
      "version": "9.0.5",
      "resolved": "https://registry.npmjs.org/@types/jsonwebtoken/-/jsonwebtoken-9.0.5.tgz",
      "integrity": "sha512-VRLSGzik+Unrup6BsouBeHsf4d1hOEgYWTm/7Nmw1sXoN1+tRly/Gy/po3yeahnP4jfnQWWAhQAqcNfH7ngOkA==",
      "dev": true,
      "requires": {
        "@types/node": "*"
      }
    },
    "@types/lodash": {
      "version": "4.17.1",
      "resolved": "https://registry.npmjs.org/@types/lodash/-/lodash-4.17.1.tgz",
      "integrity": "sha512-X+2qazGS3jxLAIz5JDXDzglAF3KpijdhFxlf/V1+hEsOUc+HnWi81L/uv/EvGuV90WY+7mPGFCUDGfQC3Gj95Q==",
      "dev": true
    },
    "@types/masonry-layout": {
      "version": "4.2.7",
      "resolved": "https://registry.npmjs.org/@types/masonry-layout/-/masonry-layout-4.2.7.tgz",
      "integrity": "sha512-lWWCH+6/gWAtXjyLH8dIe9WEcw8Zt/Ud8U6pwOZk5sZZssA/VvqVD55dxjpfWxcI/PRYp6XuQktqiv6r02Qa/g==",
      "dev": true,
      "requires": {
        "@types/jquery": "*"
      }
    },
    "@types/merge-descriptors": {
      "version": "1.0.3",
      "resolved": "https://registry.npmjs.org/@types/merge-descriptors/-/merge-descriptors-1.0.3.tgz",
      "integrity": "sha512-ZhU/HNM9R75TO8PBn0+zDi7tbYEygeraTjDHAkGpgFFKKEj/Al4RysG+oWyrRusPRDUvctaK+SYrw1m2SdLNNQ==",
      "dev": true
    },
    "@types/mime": {
      "version": "1.3.5",
      "resolved": "https://registry.npmjs.org/@types/mime/-/mime-1.3.5.tgz",
      "integrity": "sha512-/pyBZWSLD2n0dcHE3hq8s8ZvcETHtEuF+3E7XVt0Ig2nvsVQXdghHVcEkIWjy9A0wKfTn97a/PSDYohKIlnP/w==",
      "dev": true
    },
    "@types/mime-types": {
      "version": "2.1.4",
      "resolved": "https://registry.npmjs.org/@types/mime-types/-/mime-types-2.1.4.tgz",
      "integrity": "sha512-lfU4b34HOri+kAY5UheuFMWPDOI+OPceBSHZKp69gEyTL/mmJ4cnU6Y/rlme3UL3GyOn6Y42hyIEw0/q8sWx5w==",
      "dev": true
    },
    "@types/ms": {
      "version": "0.7.34",
      "resolved": "https://registry.npmjs.org/@types/ms/-/ms-0.7.34.tgz",
      "integrity": "sha512-nG96G3Wp6acyAgJqGasjODb+acrI7KltPiRxzHPXnP3NgI28bpQDRv53olbqGXbfcgF5aiiHmO3xpwEpS5Ld9g==",
      "dev": true
    },
    "@types/needle": {
      "version": "3.3.0",
      "resolved": "https://registry.npmjs.org/@types/needle/-/needle-3.3.0.tgz",
      "integrity": "sha512-UFIuc1gdyzAqeVUYpSL+cliw2MmU/ZUhVZKE7Zo4wPbgc8hbljeKSnn6ls6iG8r5jpegPXLUIhJ+Wb2kLVs8cg==",
      "dev": true,
      "requires": {
        "@types/node": "*"
      }
    },
    "@types/node": {
      "version": "20.9.0",
      "resolved": "https://registry.npmjs.org/@types/node/-/node-20.9.0.tgz",
      "integrity": "sha512-nekiGu2NDb1BcVofVcEKMIwzlx4NjHlcjhoxxKBNLtz15Y1z7MYf549DFvkHSId02Ax6kGwWntIBPC3l/JZcmw==",
      "dev": true,
      "requires": {
        "undici-types": "~5.26.4"
      }
    },
    "@types/node-cron": {
      "version": "3.0.11",
      "resolved": "https://registry.npmjs.org/@types/node-cron/-/node-cron-3.0.11.tgz",
      "integrity": "sha512-0ikrnug3/IyneSHqCBeslAhlK2aBfYek1fGo4bP4QnZPmiqSGRK+Oy7ZMisLWkesffJvQ1cqAcBnJC+8+nxIAg==",
      "dev": true
    },
    "@types/node-fetch": {
      "version": "2.6.11",
      "resolved": "https://registry.npmjs.org/@types/node-fetch/-/node-fetch-2.6.11.tgz",
      "integrity": "sha512-24xFj9R5+rfQJLRyM56qh+wnVSYhyXC2tkoBndtY0U+vubqNsYXGjufB2nn8Q6gt0LrARwL6UBtMCSVCwl4B1g==",
      "dev": true,
      "requires": {
        "@types/node": "*",
        "form-data": "^4.0.0"
      }
    },
    "@types/node-schedule": {
      "version": "2.1.7",
      "resolved": "https://registry.npmjs.org/@types/node-schedule/-/node-schedule-2.1.7.tgz",
      "integrity": "sha512-G7Z3R9H7r3TowoH6D2pkzUHPhcJrDF4Jz1JOQ80AX0K2DWTHoN9VC94XzFAPNMdbW9TBzMZ3LjpFi7RYdbxtXA==",
      "dev": true,
      "requires": {
        "@types/node": "*"
      }
    },
    "@types/nodemailer": {
      "version": "6.4.14",
      "resolved": "https://registry.npmjs.org/@types/nodemailer/-/nodemailer-6.4.14.tgz",
      "integrity": "sha512-fUWthHO9k9DSdPCSPRqcu6TWhYyxTBg382vlNIttSe9M7XfsT06y0f24KHXtbnijPGGRIcVvdKHTNikOI6qiHA==",
      "dev": true,
      "requires": {
        "@types/node": "*"
      }
    },
    "@types/nodemon": {
      "version": "1.19.6",
      "resolved": "https://registry.npmjs.org/@types/nodemon/-/nodemon-1.19.6.tgz",
      "integrity": "sha512-vjKuaQOLUA5EY2zkUmWG1ipXbKt9Wd+H/0SiIuHVeH4cHtt6509iRUGH9ZR0iqgUrtj3BrP9KqoTuV3ZCbQcYA==",
      "dev": true,
      "requires": {
        "@types/node": "*"
      }
    },
    "@types/passport": {
      "version": "1.0.16",
      "resolved": "https://registry.npmjs.org/@types/passport/-/passport-1.0.16.tgz",
      "integrity": "sha512-FD0qD5hbPWQzaM0wHUnJ/T0BBCJBxCeemtnCwc/ThhTg3x9jfrAcRUmj5Dopza+MfFS9acTe3wk7rcVnRIp/0A==",
      "dev": true,
      "requires": {
        "@types/express": "*"
      }
    },
    "@types/passport-local": {
      "version": "1.0.38",
      "resolved": "https://registry.npmjs.org/@types/passport-local/-/passport-local-1.0.38.tgz",
      "integrity": "sha512-nsrW4A963lYE7lNTv9cr5WmiUD1ibYJvWrpE13oxApFsRt77b0RdtZvKbCdNIY4v/QZ6TRQWaDDEwV1kCTmcXg==",
      "dev": true,
      "requires": {
        "@types/express": "*",
        "@types/passport": "*",
        "@types/passport-strategy": "*"
      }
    },
    "@types/passport-strategy": {
      "version": "0.2.38",
      "resolved": "https://registry.npmjs.org/@types/passport-strategy/-/passport-strategy-0.2.38.tgz",
      "integrity": "sha512-GC6eMqqojOooq993Tmnmp7AUTbbQSgilyvpCYQjT+H6JfG/g6RGc7nXEniZlp0zyKJ0WUdOiZWLBZft9Yug1uA==",
      "dev": true,
      "requires": {
        "@types/express": "*",
        "@types/passport": "*"
      }
    },
    "@types/pdfkit": {
      "version": "0.13.4",
      "resolved": "https://registry.npmjs.org/@types/pdfkit/-/pdfkit-0.13.4.tgz",
      "integrity": "sha512-ixGNDHYJCCKuamY305wbfYSphZ2WPe8FPkjn8oF4fHV+PgPV4V+hecPh2VOS2h4RNtpSB3zQcR4sCpNvvrEb1A==",
      "dev": true,
      "requires": {
        "@types/node": "*"
      }
    },
    "@types/qs": {
      "version": "6.9.15",
      "resolved": "https://registry.npmjs.org/@types/qs/-/qs-6.9.15.tgz",
      "integrity": "sha512-uXHQKES6DQKKCLh441Xv/dwxOq1TVS3JPUMlEqoEglvlhR6Mxnlew/Xq/LRVHpLyk7iK3zODe1qYHIMltO7XGg==",
      "dev": true
    },
    "@types/range-parser": {
      "version": "1.2.7",
      "resolved": "https://registry.npmjs.org/@types/range-parser/-/range-parser-1.2.7.tgz",
      "integrity": "sha512-hKormJbkJqzQGhziax5PItDUTMAM9uE2XXQmM37dyd4hVM+5aVl7oVxMVUiVQn2oCQFN/LKCZdvSM0pFRqbSmQ==",
      "dev": true
    },
    "@types/request": {
      "version": "2.48.12",
      "resolved": "https://registry.npmjs.org/@types/request/-/request-2.48.12.tgz",
      "integrity": "sha512-G3sY+NpsA9jnwm0ixhAFQSJ3Q9JkpLZpJbI3GMv0mIAT0y3mRabYeINzal5WOChIiaTEGQYlHOKgkaM9EisWHw==",
      "dev": true,
      "requires": {
        "@types/caseless": "*",
        "@types/node": "*",
        "@types/tough-cookie": "*",
        "form-data": "^2.5.0"
      },
      "dependencies": {
        "form-data": {
          "version": "2.5.1",
          "resolved": "https://registry.npmjs.org/form-data/-/form-data-2.5.1.tgz",
          "integrity": "sha512-m21N3WOmEEURgk6B9GLOE4RuWOFf28Lhh9qGYeNlGq4VDXUlJy2th2slBNU8Gp8EzloYZOibZJ7t5ecIrFSjVA==",
          "dev": true,
          "requires": {
            "asynckit": "^0.4.0",
            "combined-stream": "^1.0.6",
            "mime-types": "^2.1.12"
          }
        }
      }
    },
    "@types/send": {
      "version": "0.17.4",
      "resolved": "https://registry.npmjs.org/@types/send/-/send-0.17.4.tgz",
      "integrity": "sha512-x2EM6TJOybec7c52BX0ZspPodMsQUd5L6PRwOunVyVUhXiBSKf3AezDL8Dgvgt5o0UfKNfuA0eMLr2wLT4AiBA==",
      "dev": true,
      "requires": {
        "@types/mime": "^1",
        "@types/node": "*"
      }
    },
    "@types/serve-favicon": {
      "version": "2.5.7",
      "resolved": "https://registry.npmjs.org/@types/serve-favicon/-/serve-favicon-2.5.7.tgz",
      "integrity": "sha512-z9TNUQXdQ+W/OJMP1e3KOYUZ99qJS4+ZfFOIrPGImcayqKoyifbJSEFkVq1MCKBbqjMZpjPj3B5ilrQAR2+TOw==",
      "dev": true,
      "requires": {
        "@types/express": "*"
      }
    },
    "@types/serve-static": {
      "version": "1.15.5",
      "resolved": "https://registry.npmjs.org/@types/serve-static/-/serve-static-1.15.5.tgz",
      "integrity": "sha512-PDRk21MnK70hja/YF8AHfC7yIsiQHn1rcXx7ijCFBX/k+XQJhQT/gw3xekXKJvx+5SXaMMS8oqQy09Mzvz2TuQ==",
      "dev": true,
      "requires": {
        "@types/http-errors": "*",
        "@types/mime": "*",
        "@types/node": "*"
      }
    },
    "@types/server": {
      "version": "1.0.11",
      "resolved": "https://registry.npmjs.org/@types/server/-/server-1.0.11.tgz",
      "integrity": "sha512-2Ag+7YBTCmP0+Ozb0/bMgyWtngeNn0rY/N9lTi/V1Ymf9Hv0hMc33M8euPEII0ida9y6XRRnCg9BdZjv4Mkgyg==",
      "dev": true,
      "requires": {
        "@types/body-parser": "*",
        "@types/csurf": "*",
        "@types/express": "*",
        "@types/express-session": "*",
        "@types/formidable": "*",
        "@types/helmet": "0.0.48"
      }
    },
    "@types/sizzle": {
      "version": "2.3.8",
      "resolved": "https://registry.npmjs.org/@types/sizzle/-/sizzle-2.3.8.tgz",
      "integrity": "sha512-0vWLNK2D5MT9dg0iOo8GlKguPAU02QjmZitPEsXRuJXU/OGIOt9vT9Fc26wtYuavLxtO45v9PGleoL9Z0k1LHg==",
      "dev": true
    },
    "@types/tough-cookie": {
      "version": "4.0.5",
      "resolved": "https://registry.npmjs.org/@types/tough-cookie/-/tough-cookie-4.0.5.tgz",
      "integrity": "sha512-/Ad8+nIOV7Rl++6f1BdKxFSMgmoqEoYbHRpPcx3JEfv8VRsQe9Z4mCXeJBzxs7mbHY/XOZZuXlRNfhpVPbs6ZA==",
      "dev": true
    },
    "@types/yt-search": {
      "version": "2.10.3",
      "resolved": "https://registry.npmjs.org/@types/yt-search/-/yt-search-2.10.3.tgz",
      "integrity": "sha512-kH4Yzs/edH9/s/Wj58WhV73qpiRedWeNy5V202BqpXPd+xUFM8M3ASLdUMYUbzzlUDoGorDm4JpeN6iNx3sOjw==",
      "dev": true
    },
    "asynckit": {
      "version": "0.4.0",
      "resolved": "https://registry.npmjs.org/asynckit/-/asynckit-0.4.0.tgz",
      "integrity": "sha512-Oei9OH4tRh0YqU3GxhX79dM/mwVgvbZJaSNaRk+bshkj0S5cfHcgYakreBjrHwatXKbz+IoIdYLxrKim2MjW0Q==",
      "dev": true
    },
    "combined-stream": {
      "version": "1.0.8",
      "resolved": "https://registry.npmjs.org/combined-stream/-/combined-stream-1.0.8.tgz",
      "integrity": "sha512-FQN4MRfuJeHf7cBbBMJFXhKSDq+2kAArBlmRBvcvFE5BB1HZKXtSFASDhdlz9zOYwxh8lDdnvmMOe/+5cdoEdg==",
      "dev": true,
      "requires": {
        "delayed-stream": "~1.0.0"
      }
    },
    "delayed-stream": {
      "version": "1.0.0",
      "resolved": "https://registry.npmjs.org/delayed-stream/-/delayed-stream-1.0.0.tgz",
      "integrity": "sha512-ZySD7Nf91aLB0RxL4KGrKHBXl7Eds1DAmEdcoVawXnLD7SDhpNgtuII2aAkg7a7QS41jxPSZ17p4VdGnMHk3MQ==",
      "dev": true
    },
    "entities": {
      "version": "4.5.0",
      "resolved": "https://registry.npmjs.org/entities/-/entities-4.5.0.tgz",
      "integrity": "sha512-V0hjH4dGPh9Ao5p0MoRY6BVqtwCjhz6vI5LT8AJ55H+4g9/4vbHx1I54fS0XuclLhDHArPQCiMjDxjaL8fPxhw==",
      "dev": true
    },
    "form-data": {
      "version": "4.0.0",
      "resolved": "https://registry.npmjs.org/form-data/-/form-data-4.0.0.tgz",
      "integrity": "sha512-ETEklSGi5t0QMZuiXoA/Q6vcnxcLQP5vdugSpuAyi6SVGi2clPPp+xgEhuMaHC+zGgn31Kd235W35f7Hykkaww==",
      "dev": true,
      "requires": {
        "asynckit": "^0.4.0",
        "combined-stream": "^1.0.8",
        "mime-types": "^2.1.12"
      }
    },
    "mime-db": {
      "version": "1.52.0",
      "resolved": "https://registry.npmjs.org/mime-db/-/mime-db-1.52.0.tgz",
      "integrity": "sha512-sPU4uV7dYlvtWJxwwxHD0PuihVNiE7TyAbQ5SWxDCB9mUYvOgroQOwYQQOKPJ8CIbE+1ETVlOoK1UC2nU3gYvg==",
      "dev": true
    },
    "mime-types": {
      "version": "2.1.35",
      "resolved": "https://registry.npmjs.org/mime-types/-/mime-types-2.1.35.tgz",
      "integrity": "sha512-ZDY+bPm5zTTF+YpCrAU9nK0UgICYPT0QtT1NZWFv4s++TNkcgVaT0g6+4R2uI4MjQjzysHB1zxuWL50hzaeXiw==",
      "dev": true,
      "requires": {
        "mime-db": "1.52.0"
      }
    },
    "parse5": {
      "version": "7.1.2",
      "resolved": "https://registry.npmjs.org/parse5/-/parse5-7.1.2.tgz",
      "integrity": "sha512-Czj1WaSVpaoj0wbhMzLmWD69anp2WH7FXMB9n1Sy8/ZFF9jolSQVMu1Ij5WIyGmcBmhk7EOndpO4mIpihVqAXw==",
      "dev": true,
      "requires": {
        "entities": "^4.4.0"
      }
    },
    "types-registry": {
      "version": "0.1.684",
      "resolved": "https://registry.npmjs.org/types-registry/-/types-registry-0.1.684.tgz",
      "integrity": "sha512-B6v+g9M+7IJSc1w2THOmTuRKvd/ACxZTGXM18E8MzpHWx1mGUvGGT+RXsSnxNpyqtbjWLeXj8uyyu/MxVOS3xw=="
    },
    "undici-types": {
      "version": "5.26.5",
      "resolved": "https://registry.npmjs.org/undici-types/-/undici-types-5.26.5.tgz",
      "integrity": "sha512-JlCMO+ehdEIKqlFxk6IfVoAUVmgz7cU7zD/h9XZ0qzeosSHmUJVOzSQvvYSYWXkFXC+IfLKSIffhv0sVZup6pA==",
      "dev": true
    }
  }
}
